{
  "name": "@valcome/ts-hockeydata-api",
  "version": "0.0.3",
  "lockfileVersion": 1,
  "requires": true,
  "dependencies": {
    "@angular/common": {
      "version": "10.2.4",
      "resolved": "https://registry.npmjs.org/@angular/common/-/common-10.2.4.tgz",
      "integrity": "sha512-bBfsLJNDQaC2OI1mReDJuSZ/uBb7Pf3HVpRmlQKNIPllIxqX1hLH8I3Plodrns9m32JMJ6FMsQthcP0KMdRCJA==",
      "requires": {
        "tslib": "^2.0.0"
      }
    },
    "@valcome/ts-core": {
      "version": "1.0.11",
      "resolved": "https://registry.npmjs.org/@valcome/ts-core/-/ts-core-1.0.11.tgz",
      "integrity": "sha512-QnCjsXpzgy7EDH+y1kp8MzGnEPAah2nBPnc7Wg/9WTvYmcoF8rmMj7F8pb7hV00F4JPMFmBvNqGuXJQrUj29Ew==",
      "requires": {
        "tslib": "^2.0.0"
      }
    },
    "tslib": {
      "version": "2.1.0",
      "resolved": "https://registry.npmjs.org/tslib/-/tslib-2.1.0.tgz",
      "integrity": "sha512-hcVC3wYEziELGGmEEXue7D75zbwIIVUMWAVbHItGPx0ziyXxrOMQx4rQEVEV45Ut/1IotuEvwqPopzIOkDMf0A=="
    }
  }
}
