{
  "name": "ng-screens",
  "version": "0.0.4",
  "lockfileVersion": 1,
  "requires": true,
  "dependencies": {
    "ngx-device-detector": {
      "version": "1.4.2",
      "resolved": "https://registry.npmjs.org/ngx-device-detector/-/ngx-device-detector-1.4.2.tgz",
      "integrity": "sha512-8x2vnAgLDI9b/+EgYYqILl1ZAVZWu09f/tH6SRvbYk2/u6cG+SPxrKwN0sXSOstp3/J5hoeeGkQiawHivAUCAA==",
      "requires": {
        "tslib": "^1.9.0"
      }
    },
    "tslib": {
      "version": "1.11.1",
      "resolved": "https://registry.npmjs.org/tslib/-/tslib-1.11.1.tgz",
      "integrity": "sha512-aZW88SY8kQbU7gpV19lN24LtXh/yD4ZZg6qieAJDDg+YBsJcSmLGK9QpnUjAKVG/xefmvJGd1WUmfpT/g6AJGA=="
    }
  }
}
